
Microsoft Visual Studio Solution File, Format Version 12.00
# Visual Studio 15
VisualStudioVersion = 15.0.27428.2043
MinimumVisualStudioVersion = 10.0.40219.1
Project("{888888A0-9F3D-457C-B088-3A5042F75D52}") = "AgendaContatos", "AgendaContatos\AgendaContatos.pyproj", "{9DCE95F4-9E92-4AED-8683-3CE2F9F3E7B6}"
EndProject
Global
	GlobalSection(SolutionConfigurationPlatforms) = preSolution
		Debug|Any CPU = Debug|Any CPU
		Release|Any CPU = Release|Any CPU
	EndGlobalSection
	GlobalSection(ProjectConfigurationPlatforms) = postSolution
		{9DCE95F4-9E92-4AED-8683-3CE2F9F3E7B6}.Debug|Any CPU.ActiveCfg = Debug|Any CPU
		{9DCE95F4-9E92-4AED-8683-3CE2F9F3E7B6}.Debug|Any CPU.Build.0 = Debug|Any CPU
		{9DCE95F4-9E92-4AED-8683-3CE2F9F3E7B6}.Release|Any CPU.ActiveCfg = Release|Any CPU
		{9DCE95F4-9E92-4AED-8683-3CE2F9F3E7B6}.Release|Any CPU.Build.0 = Release|Any CPU
	EndGlobalSection
	GlobalSection(SolutionProperties) = preSolution
		HideSolutionNode = FALSE
	EndGlobalSection
	GlobalSection(ExtensibilityGlobals) = postSolution
		SolutionGuid = {1250663C-ACC3-40D8-9B51-A93ED10DABD1}
	EndGlobalSection
EndGlobal
